

Microsoft Visual Studio Solution File, Format Version 12.00
# Visual Studio Version 17
VisualStudioVersion = 17.3.32819.101
MinimumVisualStudioVersion = 10.0.40219.1
Project("{FAE04EC0-301F-11D3-BF4B-00C04F79EFBC}") = "TAApplication", "TAApplication\TAApplication.csproj", "{A06DD5B4-9A2D-4A9F-BE54-CBBB3564F192}"
EndProject
Global
	GlobalSection(SolutionConfigurationPlatforms) = preSolution
		Debug|Any CPU = Debug|Any CPU
		Release|Any CPU = Release|Any CPU
	EndGlobalSection
	GlobalSection(ProjectConfigurationPlatforms) = postSolution
		{A06DD5B4-9A2D-4A9F-BE54-CBBB3564F192}.Debug|Any CPU.ActiveCfg = Debug|Any CPU
		{A06DD5B4-9A2D-4A9F-BE54-CBBB3564F192}.Debug|Any CPU.Build.0 = Debug|Any CPU
		{A06DD5B4-9A2D-4A9F-BE54-CBBB3564F192}.Release|Any CPU.ActiveCfg = Release|Any CPU
		{A06DD5B4-9A2D-4A9F-BE54-CBBB3564F192}.Release|Any CPU.Build.0 = Release|Any CPU
	EndGlobalSection
	GlobalSection(SolutionProperties) = preSolution
		HideSolutionNode = FALSE
	EndGlobalSection
	GlobalSection(ExtensibilityGlobals) = postSolution
		SolutionGuid = {47D24073-C65D-4569-A3C5-7A828DBDED67}
	EndGlobalSection
EndGlobal
